// !$*UTF8*$!
{
	archiveVersion = 1;
	classes = {
	};
	objectVersion = 46;
	objects = {

/* Begin PBXBuildFile section */
		3B0B9E8E14FD1F4900B467E6 /* xianlvqiyuan.json in Resources */ = {isa = PBXBuildFile; fileRef = 3B0B9E8D14FD1F4800B467E6 /* xianlvqiyuan.json */; };
		3B0B9E9214FD2C1E00B467E6 /* FAQTableViewCell.m in Sources */ = {isa = PBXBuildFile; fileRef = 3B0B9E9114FD2C1E00B467E6 /* FAQTableViewCell.m */; };
		3B0B9E9414FD4B0500B467E6 /* bg2.png in Resources */ = {isa = PBXBuildFile; fileRef = 3B0B9E9314FD4B0500B467E6 /* bg2.png */; };
		3B0B9E9714FD561A00B467E6 /* EquipItemTableViewCell.m in Sources */ = {isa = PBXBuildFile; fileRef = 3B0B9E9614FD561900B467E6 /* EquipItemTableViewCell.m */; };
		3B0B9E9D14FD5D7B00B467E6 /* item.json in Resources */ = {isa = PBXBuildFile; fileRef = 3B0B9E9C14FD5D7B00B467E6 /* item.json */; };
		3B13D08E14F8A4EC0066F001 /* EquipmentViewController.m in Sources */ = {isa = PBXBuildFile; fileRef = 3B13D08C14F8A4EC0066F001 /* EquipmentViewController.m */; };
		3B13D08F14F8A4EC0066F001 /* EquipmentViewController.xib in Resources */ = {isa = PBXBuildFile; fileRef = 3B13D08D14F8A4EC0066F001 /* EquipmentViewController.xib */; };
		3B13D09414F8A5230066F001 /* ToolsViewController.m in Sources */ = {isa = PBXBuildFile; fileRef = 3B13D09214F8A5220066F001 /* ToolsViewController.m */; };
		3B13D09514F8A5230066F001 /* ToolsViewController.xib in Resources */ = {isa = PBXBuildFile; fileRef = 3B13D09314F8A5230066F001 /* ToolsViewController.xib */; };
		3B14660214FF2F840020E365 /* return1.png in Resources */ = {isa = PBXBuildFile; fileRef = 3B14660014FF2F840020E365 /* return1.png */; };
		3B14660314FF2F840020E365 /* return2.png in Resources */ = {isa = PBXBuildFile; fileRef = 3B14660114FF2F840020E365 /* return2.png */; };
		3B28D22314FE875300D6D7E8 /* xiaoyaogong.png in Resources */ = {isa = PBXBuildFile; fileRef = 3B28D22214FE875300D6D7E8 /* xiaoyaogong.png */; };
		3B3AAA3614F69D15003BA5B8 /* UIKit.framework in Frameworks */ = {isa = PBXBuildFile; fileRef = 3B3AAA3514F69D15003BA5B8 /* UIKit.framework */; };
		3B3AAA3814F69D15003BA5B8 /* Foundation.framework in Frameworks */ = {isa = PBXBuildFile; fileRef = 3B3AAA3714F69D15003BA5B8 /* Foundation.framework */; };
		3B3AAA3A14F69D15003BA5B8 /* CoreGraphics.framework in Frameworks */ = {isa = PBXBuildFile; fileRef = 3B3AAA3914F69D15003BA5B8 /* CoreGraphics.framework */; };
		3B3AAA4014F69D15003BA5B8 /* InfoPlist.strings in Resources */ = {isa = PBXBuildFile; fileRef = 3B3AAA3E14F69D15003BA5B8 /* InfoPlist.strings */; };
		3B3AAA4214F69D15003BA5B8 /* main.m in Sources */ = {isa = PBXBuildFile; fileRef = 3B3AAA4114F69D15003BA5B8 /* main.m */; };
		3B3AAA4614F69D15003BA5B8 /* AppDelegate.m in Sources */ = {isa = PBXBuildFile; fileRef = 3B3AAA4514F69D15003BA5B8 /* AppDelegate.m */; };
		3B3AAA4914F69D15003BA5B8 /* ViewController.m in Sources */ = {isa = PBXBuildFile; fileRef = 3B3AAA4814F69D15003BA5B8 /* ViewController.m */; };
		3B3AAA4C14F69D15003BA5B8 /* ViewController.xib in Resources */ = {isa = PBXBuildFile; fileRef = 3B3AAA4A14F69D15003BA5B8 /* ViewController.xib */; };
		3B43EC7914FA0FC100FA5DB2 /* GameTutorialViewController.m in Sources */ = {isa = PBXBuildFile; fileRef = 3B43EC7714FA0FC100FA5DB2 /* GameTutorialViewController.m */; };
		3B43EC7A14FA0FC100FA5DB2 /* GameTutorialViewController.xib in Resources */ = {isa = PBXBuildFile; fileRef = 3B43EC7814FA0FC100FA5DB2 /* GameTutorialViewController.xib */; };
		3B43EC8414FA4B6F00FA5DB2 /* JSONKit.m in Sources */ = {isa = PBXBuildFile; fileRef = 3B43EC8314FA4B6F00FA5DB2 /* JSONKit.m */; settings = {COMPILER_FLAGS = "-fno-objc-arc"; }; };
		3B43EC8714FA55A800FA5DB2 /* tutorial.json in Resources */ = {isa = PBXBuildFile; fileRef = 3B43EC8614FA55A800FA5DB2 /* tutorial.json */; };
		3B43EC8A14FA5AD900FA5DB2 /* TutorialData.m in Sources */ = {isa = PBXBuildFile; fileRef = 3B43EC8914FA5AD900FA5DB2 /* TutorialData.m */; };
		3B43EC8E14FA6EDB00FA5DB2 /* GameTutorialDetailViewController.m in Sources */ = {isa = PBXBuildFile; fileRef = 3B43EC8C14FA6EDA00FA5DB2 /* GameTutorialDetailViewController.m */; };
		3B43EC8F14FA6EDB00FA5DB2 /* GameTutorialDetailViewController.xib in Resources */ = {isa = PBXBuildFile; fileRef = 3B43EC8D14FA6EDA00FA5DB2 /* GameTutorialDetailViewController.xib */; };
		3B43ECC614FA782200FA5DB2 /* UIColor+Tools.m in Sources */ = {isa = PBXBuildFile; fileRef = 3B43ECBF14FA782200FA5DB2 /* UIColor+Tools.m */; };
		3B43ECC714FA782200FA5DB2 /* UIView+Layout.m in Sources */ = {isa = PBXBuildFile; fileRef = 3B43ECC114FA782200FA5DB2 /* UIView+Layout.m */; };
		3B43ECC814FA782200FA5DB2 /* FTCoreTextStyle.m in Sources */ = {isa = PBXBuildFile; fileRef = 3B43ECC314FA782200FA5DB2 /* FTCoreTextStyle.m */; settings = {COMPILER_FLAGS = "-fno-objc-arc"; }; };
		3B43ECC914FA782200FA5DB2 /* FTCoreTextView.m in Sources */ = {isa = PBXBuildFile; fileRef = 3B43ECC514FA782200FA5DB2 /* FTCoreTextView.m */; settings = {COMPILER_FLAGS = "-fno-objc-arc"; }; };
		3B43ECCC14FA786000FA5DB2 /* CoreText.framework in Frameworks */ = {isa = PBXBuildFile; fileRef = 3B43ECCB14FA786000FA5DB2 /* CoreText.framework */; };
		3B43ECCE14FA787600FA5DB2 /* QuartzCore.framework in Frameworks */ = {isa = PBXBuildFile; fileRef = 3B43ECCD14FA787600FA5DB2 /* QuartzCore.framework */; };
		3B43ECD514FA7A0C00FA5DB2 /* giraffe.png in Resources */ = {isa = PBXBuildFile; fileRef = 3B43ECD314FA7A0C00FA5DB2 /* giraffe.png */; };
		3B43ECD614FA7A0C00FA5DB2 /* text.txt in Resources */ = {isa = PBXBuildFile; fileRef = 3B43ECD414FA7A0C00FA5DB2 /* text.txt */; };
		3B73DF6E14F739BA009E34CE /* FindAnswerViewController.m in Sources */ = {isa = PBXBuildFile; fileRef = 3B73DF6C14F739BA009E34CE /* FindAnswerViewController.m */; };
		3B73DF6F14F739BA009E34CE /* FindAnswerViewController.xib in Resources */ = {isa = PBXBuildFile; fileRef = 3B73DF6D14F739BA009E34CE /* FindAnswerViewController.xib */; };
		3B73DF7314F739D0009E34CE /* FriendsViewController.m in Sources */ = {isa = PBXBuildFile; fileRef = 3B73DF7114F739D0009E34CE /* FriendsViewController.m */; };
		3B73DF7414F739D0009E34CE /* FriendsViewController.xib in Resources */ = {isa = PBXBuildFile; fileRef = 3B73DF7214F739D0009E34CE /* FriendsViewController.xib */; };
		3B73DF7814F73A39009E34CE /* FateViewController.m in Sources */ = {isa = PBXBuildFile; fileRef = 3B73DF7614F73A39009E34CE /* FateViewController.m */; };
		3B73DF7914F73A39009E34CE /* FateViewController.xib in Resources */ = {isa = PBXBuildFile; fileRef = 3B73DF7714F73A39009E34CE /* FateViewController.xib */; };
/* End PBXBuildFile section */

/* Begin PBXFileReference section */
		3B0B9E8D14FD1F4800B467E6 /* xianlvqiyuan.json */ = {isa = PBXFileReference; fileEncoding = 4; lastKnownFileType = text.json; path = xianlvqiyuan.json; sourceTree = "<group>"; };
		3B0B9E9014FD2C1E00B467E6 /* FAQTableViewCell.h */ = {isa = PBXFileReference; fileEncoding = 4; lastKnownFileType = sourcecode.c.h; path = FAQTableViewCell.h; sourceTree = "<group>"; };
		3B0B9E9114FD2C1E00B467E6 /* FAQTableViewCell.m */ = {isa = PBXFileReference; fileEncoding = 4; lastKnownFileType = sourcecode.c.objc; path = FAQTableViewCell.m; sourceTree = "<group>"; };
		3B0B9E9314FD4B0500B467E6 /* bg2.png */ = {isa = PBXFileReference; lastKnownFileType = image.png; path = bg2.png; sourceTree = "<group>"; };
		3B0B9E9514FD561900B467E6 /* EquipItemTableViewCell.h */ = {isa = PBXFileReference; fileEncoding = 4; lastKnownFileType = sourcecode.c.h; path = EquipItemTableViewCell.h; sourceTree = "<group>"; };
		3B0B9E9614FD561900B467E6 /* EquipItemTableViewCell.m */ = {isa = PBXFileReference; fileEncoding = 4; lastKnownFileType = sourcecode.c.objc; path = EquipItemTableViewCell.m; sourceTree = "<group>"; };
		3B0B9E9C14FD5D7B00B467E6 /* item.json */ = {isa = PBXFileReference; fileEncoding = 4; lastKnownFileType = text.json; path = item.json; sourceTree = "<group>"; };
		3B13D08B14F8A4EC0066F001 /* EquipmentViewController.h */ = {isa = PBXFileReference; fileEncoding = 4; lastKnownFileType = sourcecode.c.h; path = EquipmentViewController.h; sourceTree = "<group>"; };
		3B13D08C14F8A4EC0066F001 /* EquipmentViewController.m */ = {isa = PBXFileReference; fileEncoding = 4; lastKnownFileType = sourcecode.c.objc; path = EquipmentViewController.m; sourceTree = "<group>"; };
		3B13D08D14F8A4EC0066F001 /* EquipmentViewController.xib */ = {isa = PBXFileReference; fileEncoding = 4; lastKnownFileType = file.xib; path = EquipmentViewController.xib; sourceTree = "<group>"; };
		3B13D09114F8A5220066F001 /* ToolsViewController.h */ = {isa = PBXFileReference; fileEncoding = 4; lastKnownFileType = sourcecode.c.h; path = ToolsViewController.h; sourceTree = "<group>"; };
		3B13D09214F8A5220066F001 /* ToolsViewController.m */ = {isa = PBXFileReference; fileEncoding = 4; lastKnownFileType = sourcecode.c.objc; path = ToolsViewController.m; sourceTree = "<group>"; };
		3B13D09314F8A5230066F001 /* ToolsViewController.xib */ = {isa = PBXFileReference; fileEncoding = 4; lastKnownFileType = file.xib; path = ToolsViewController.xib; sourceTree = "<group>"; };
		3B14660014FF2F840020E365 /* return1.png */ = {isa = PBXFileReference; lastKnownFileType = image.png; path = return1.png; sourceTree = "<group>"; };
		3B14660114FF2F840020E365 /* return2.png */ = {isa = PBXFileReference; lastKnownFileType = image.png; path = return2.png; sourceTree = "<group>"; };
		3B28D22214FE875300D6D7E8 /* xiaoyaogong.png */ = {isa = PBXFileReference; lastKnownFileType = image.png; path = xiaoyaogong.png; sourceTree = "<group>"; };
		3B3AAA3114F69D15003BA5B8 /* ShenxiandaoHelper.app */ = {isa = PBXFileReference; explicitFileType = wrapper.application; includeInIndex = 0; path = ShenxiandaoHelper.app; sourceTree = BUILT_PRODUCTS_DIR; };
		3B3AAA3514F69D15003BA5B8 /* UIKit.framework */ = {isa = PBXFileReference; lastKnownFileType = wrapper.framework; name = UIKit.framework; path = System/Library/Frameworks/UIKit.framework; sourceTree = SDKROOT; };
		3B3AAA3714F69D15003BA5B8 /* Foundation.framework */ = {isa = PBXFileReference; lastKnownFileType = wrapper.framework; name = Foundation.framework; path = System/Library/Frameworks/Foundation.framework; sourceTree = SDKROOT; };
		3B3AAA3914F69D15003BA5B8 /* CoreGraphics.framework */ = {isa = PBXFileReference; lastKnownFileType = wrapper.framework; name = CoreGraphics.framework; path = System/Library/Frameworks/CoreGraphics.framework; sourceTree = SDKROOT; };
		3B3AAA3D14F69D15003BA5B8 /* ShenxiandaoHelper-Info.plist */ = {isa = PBXFileReference; lastKnownFileType = text.plist.xml; path = "ShenxiandaoHelper-Info.plist"; sourceTree = "<group>"; };
		3B3AAA3F14F69D15003BA5B8 /* en */ = {isa = PBXFileReference; lastKnownFileType = text.plist.strings; name = en; path = en.lproj/InfoPlist.strings; sourceTree = "<group>"; };
		3B3AAA4114F69D15003BA5B8 /* main.m */ = {isa = PBXFileReference; lastKnownFileType = sourcecode.c.objc; path = main.m; sourceTree = "<group>"; };
		3B3AAA4314F69D15003BA5B8 /* ShenxiandaoHelper-Prefix.pch */ = {isa = PBXFileReference; lastKnownFileType = sourcecode.c.h; path = "ShenxiandaoHelper-Prefix.pch"; sourceTree = "<group>"; };
		3B3AAA4414F69D15003BA5B8 /* AppDelegate.h */ = {isa = PBXFileReference; lastKnownFileType = sourcecode.c.h; path = AppDelegate.h; sourceTree = "<group>"; };
		3B3AAA4514F69D15003BA5B8 /* AppDelegate.m */ = {isa = PBXFileReference; lastKnownFileType = sourcecode.c.objc; path = AppDelegate.m; sourceTree = "<group>"; };
		3B3AAA4714F69D15003BA5B8 /* ViewController.h */ = {isa = PBXFileReference; lastKnownFileType = sourcecode.c.h; path = ViewController.h; sourceTree = "<group>"; };
		3B3AAA4814F69D15003BA5B8 /* ViewController.m */ = {isa = PBXFileReference; lastKnownFileType = sourcecode.c.objc; path = ViewController.m; sourceTree = "<group>"; };
		3B3AAA4B14F69D15003BA5B8 /* en */ = {isa = PBXFileReference; lastKnownFileType = file.xib; name = en; path = en.lproj/ViewController.xib; sourceTree = "<group>"; };
		3B43EC7614FA0FC100FA5DB2 /* GameTutorialViewController.h */ = {isa = PBXFileReference; fileEncoding = 4; lastKnownFileType = sourcecode.c.h; path = GameTutorialViewController.h; sourceTree = "<group>"; };
		3B43EC7714FA0FC100FA5DB2 /* GameTutorialViewController.m */ = {isa = PBXFileReference; fileEncoding = 4; lastKnownFileType = sourcecode.c.objc; path = GameTutorialViewController.m; sourceTree = "<group>"; };
		3B43EC7814FA0FC100FA5DB2 /* GameTutorialViewController.xib */ = {isa = PBXFileReference; fileEncoding = 4; lastKnownFileType = file.xib; path = GameTutorialViewController.xib; sourceTree = "<group>"; };
		3B43EC8214FA4B6F00FA5DB2 /* JSONKit.h */ = {isa = PBXFileReference; fileEncoding = 4; lastKnownFileType = sourcecode.c.h; path = JSONKit.h; sourceTree = "<group>"; };
		3B43EC8314FA4B6F00FA5DB2 /* JSONKit.m */ = {isa = PBXFileReference; fileEncoding = 4; lastKnownFileType = sourcecode.c.objc; path = JSONKit.m; sourceTree = "<group>"; };
		3B43EC8614FA55A800FA5DB2 /* tutorial.json */ = {isa = PBXFileReference; fileEncoding = 4; lastKnownFileType = text.json; path = tutorial.json; sourceTree = "<group>"; };
		3B43EC8814FA5AD900FA5DB2 /* TutorialData.h */ = {isa = PBXFileReference; fileEncoding = 4; lastKnownFileType = sourcecode.c.h; path = TutorialData.h; sourceTree = "<group>"; };
		3B43EC8914FA5AD900FA5DB2 /* TutorialData.m */ = {isa = PBXFileReference; fileEncoding = 4; lastKnownFileType = sourcecode.c.objc; path = TutorialData.m; sourceTree = "<group>"; };
		3B43EC8B14FA6EDA00FA5DB2 /* GameTutorialDetailViewController.h */ = {isa = PBXFileReference; fileEncoding = 4; lastKnownFileType = sourcecode.c.h; path = GameTutorialDetailViewController.h; sourceTree = "<group>"; };
		3B43EC8C14FA6EDA00FA5DB2 /* GameTutorialDetailViewController.m */ = {isa = PBXFileReference; fileEncoding = 4; lastKnownFileType = sourcecode.c.objc; path = GameTutorialDetailViewController.m; sourceTree = "<group>"; };
		3B43EC8D14FA6EDA00FA5DB2 /* GameTutorialDetailViewController.xib */ = {isa = PBXFileReference; fileEncoding = 4; lastKnownFileType = file.xib; path = GameTutorialDetailViewController.xib; sourceTree = "<group>"; };
		3B43ECBE14FA782200FA5DB2 /* UIColor+Tools.h */ = {isa = PBXFileReference; fileEncoding = 4; lastKnownFileType = sourcecode.c.h; path = "UIColor+Tools.h"; sourceTree = "<group>"; };
		3B43ECBF14FA782200FA5DB2 /* UIColor+Tools.m */ = {isa = PBXFileReference; fileEncoding = 4; lastKnownFileType = sourcecode.c.objc; path = "UIColor+Tools.m"; sourceTree = "<group>"; };
		3B43ECC014FA782200FA5DB2 /* UIView+Layout.h */ = {isa = PBXFileReference; fileEncoding = 4; lastKnownFileType = sourcecode.c.h; path = "UIView+Layout.h"; sourceTree = "<group>"; };
		3B43ECC114FA782200FA5DB2 /* UIView+Layout.m */ = {isa = PBXFileReference; fileEncoding = 4; lastKnownFileType = sourcecode.c.objc; path = "UIView+Layout.m"; sourceTree = "<group>"; };
		3B43ECC214FA782200FA5DB2 /* FTCoreTextStyle.h */ = {isa = PBXFileReference; fileEncoding = 4; lastKnownFileType = sourcecode.c.h; path = FTCoreTextStyle.h; sourceTree = "<group>"; };
		3B43ECC314FA782200FA5DB2 /* FTCoreTextStyle.m */ = {isa = PBXFileReference; fileEncoding = 4; lastKnownFileType = sourcecode.c.objc; path = FTCoreTextStyle.m; sourceTree = "<group>"; };
		3B43ECC414FA782200FA5DB2 /* FTCoreTextView.h */ = {isa = PBXFileReference; fileEncoding = 4; lastKnownFileType = sourcecode.c.h; path = FTCoreTextView.h; sourceTree = "<group>"; };
		3B43ECC514FA782200FA5DB2 /* FTCoreTextView.m */ = {isa = PBXFileReference; fileEncoding = 4; lastKnownFileType = sourcecode.c.objc; path = FTCoreTextView.m; sourceTree = "<group>"; };
		3B43ECCB14FA786000FA5DB2 /* CoreText.framework */ = {isa = PBXFileReference; lastKnownFileType = wrapper.framework; name = CoreText.framework; path = System/Library/Frameworks/CoreText.framework; sourceTree = SDKROOT; };
		3B43ECCD14FA787600FA5DB2 /* QuartzCore.framework */ = {isa = PBXFileReference; lastKnownFileType = wrapper.framework; name = QuartzCore.framework; path = System/Library/Frameworks/QuartzCore.framework; sourceTree = SDKROOT; };
		3B43ECD314FA7A0C00FA5DB2 /* giraffe.png */ = {isa = PBXFileReference; lastKnownFileType = image.png; path = giraffe.png; sourceTree = "<group>"; };
		3B43ECD414FA7A0C00FA5DB2 /* text.txt */ = {isa = PBXFileReference; fileEncoding = 4; lastKnownFileType = text; path = text.txt; sourceTree = "<group>"; };
		3B73DF6B14F739BA009E34CE /* FindAnswerViewController.h */ = {isa = PBXFileReference; fileEncoding = 4; lastKnownFileType = sourcecode.c.h; path = FindAnswerViewController.h; sourceTree = "<group>"; };
		3B73DF6C14F739BA009E34CE /* FindAnswerViewController.m */ = {isa = PBXFileReference; fileEncoding = 4; lastKnownFileType = sourcecode.c.objc; path = FindAnswerViewController.m; sourceTree = "<group>"; };
		3B73DF6D14F739BA009E34CE /* FindAnswerViewController.xib */ = {isa = PBXFileReference; fileEncoding = 4; lastKnownFileType = file.xib; path = FindAnswerViewController.xib; sourceTree = "<group>"; };
		3B73DF7014F739D0009E34CE /* FriendsViewController.h */ = {isa = PBXFileReference; fileEncoding = 4; lastKnownFileType = sourcecode.c.h; path = FriendsViewController.h; sourceTree = "<group>"; };
		3B73DF7114F739D0009E34CE /* FriendsViewController.m */ = {isa = PBXFileReference; fileEncoding = 4; lastKnownFileType = sourcecode.c.objc; path = FriendsViewController.m; sourceTree = "<group>"; };
		3B73DF7214F739D0009E34CE /* FriendsViewController.xib */ = {isa = PBXFileReference; fileEncoding = 4; lastKnownFileType = file.xib; path = FriendsViewController.xib; sourceTree = "<group>"; };
		3B73DF7514F73A39009E34CE /* FateViewController.h */ = {isa = PBXFileReference; fileEncoding = 4; lastKnownFileType = sourcecode.c.h; path = FateViewController.h; sourceTree = "<group>"; };
		3B73DF7614F73A39009E34CE /* FateViewController.m */ = {isa = PBXFileReference; fileEncoding = 4; lastKnownFileType = sourcecode.c.objc; path = FateViewController.m; sourceTree = "<group>"; };
		3B73DF7714F73A39009E34CE /* FateViewController.xib */ = {isa = PBXFileReference; fileEncoding = 4; lastKnownFileType = file.xib; path = FateViewController.xib; sourceTree = "<group>"; };
/* End PBXFileReference section */

/* Begin PBXFrameworksBuildPhase section */
		3B3AAA2E14F69D14003BA5B8 /* Frameworks */ = {
			isa = PBXFrameworksBuildPhase;
			buildActionMask = 2147483647;
			files = (
				3B43ECCE14FA787600FA5DB2 /* QuartzCore.framework in Frameworks */,
				3B43ECCC14FA786000FA5DB2 /* CoreText.framework in Frameworks */,
				3B3AAA3614F69D15003BA5B8 /* UIKit.framework in Frameworks */,
				3B3AAA3814F69D15003BA5B8 /* Foundation.framework in Frameworks */,
				3B3AAA3A14F69D15003BA5B8 /* CoreGraphics.framework in Frameworks */,
			);
			runOnlyForDeploymentPostprocessing = 0;
		};
/* End PBXFrameworksBuildPhase section */

/* Begin PBXGroup section */
		3B3AAA2614F69D14003BA5B8 = {
			isa = PBXGroup;
			children = (
				3B3AAA3B14F69D15003BA5B8 /* ShenxiandaoHelper */,
				3B3AAA3414F69D15003BA5B8 /* Frameworks */,
				3B3AAA3214F69D15003BA5B8 /* Products */,
			);
			sourceTree = "<group>";
		};
		3B3AAA3214F69D15003BA5B8 /* Products */ = {
			isa = PBXGroup;
			children = (
				3B3AAA3114F69D15003BA5B8 /* ShenxiandaoHelper.app */,
			);
			name = Products;
			sourceTree = "<group>";
		};
		3B3AAA3414F69D15003BA5B8 /* Frameworks */ = {
			isa = PBXGroup;
			children = (
				3B43ECCD14FA787600FA5DB2 /* QuartzCore.framework */,
				3B43ECCB14FA786000FA5DB2 /* CoreText.framework */,
				3B3AAA3514F69D15003BA5B8 /* UIKit.framework */,
				3B3AAA3714F69D15003BA5B8 /* Foundation.framework */,
				3B3AAA3914F69D15003BA5B8 /* CoreGraphics.framework */,
			);
			name = Frameworks;
			sourceTree = "<group>";
		};
		3B3AAA3B14F69D15003BA5B8 /* ShenxiandaoHelper */ = {
			isa = PBXGroup;
			children = (
				3B43ECBD14FA782200FA5DB2 /* categories */,
				3B43ECC214FA782200FA5DB2 /* FTCoreTextStyle.h */,
				3B43ECC314FA782200FA5DB2 /* FTCoreTextStyle.m */,
				3B43ECC414FA782200FA5DB2 /* FTCoreTextView.h */,
				3B43ECC514FA782200FA5DB2 /* FTCoreTextView.m */,
				3B43EC8214FA4B6F00FA5DB2 /* JSONKit.h */,
				3B43EC8314FA4B6F00FA5DB2 /* JSONKit.m */,
				3B3AAA4414F69D15003BA5B8 /* AppDelegate.h */,
				3B3AAA4514F69D15003BA5B8 /* AppDelegate.m */,
				3B3AAA4714F69D15003BA5B8 /* ViewController.h */,
				3B3AAA4814F69D15003BA5B8 /* ViewController.m */,
				3B3AAA4A14F69D15003BA5B8 /* ViewController.xib */,
				3B3AAA3C14F69D15003BA5B8 /* Supporting Files */,
				3B73DF6B14F739BA009E34CE /* FindAnswerViewController.h */,
				3B73DF6C14F739BA009E34CE /* FindAnswerViewController.m */,
				3B73DF6D14F739BA009E34CE /* FindAnswerViewController.xib */,
				3B73DF7014F739D0009E34CE /* FriendsViewController.h */,
				3B73DF7114F739D0009E34CE /* FriendsViewController.m */,
				3B73DF7214F739D0009E34CE /* FriendsViewController.xib */,
				3B73DF7514F73A39009E34CE /* FateViewController.h */,
				3B73DF7614F73A39009E34CE /* FateViewController.m */,
				3B73DF7714F73A39009E34CE /* FateViewController.xib */,
				3B13D08B14F8A4EC0066F001 /* EquipmentViewController.h */,
				3B13D08C14F8A4EC0066F001 /* EquipmentViewController.m */,
				3B13D08D14F8A4EC0066F001 /* EquipmentViewController.xib */,
				3B13D09114F8A5220066F001 /* ToolsViewController.h */,
				3B13D09214F8A5220066F001 /* ToolsViewController.m */,
				3B13D09314F8A5230066F001 /* ToolsViewController.xib */,
				3B43EC7614FA0FC100FA5DB2 /* GameTutorialViewController.h */,
				3B43EC7714FA0FC100FA5DB2 /* GameTutorialViewController.m */,
				3B43EC7814FA0FC100FA5DB2 /* GameTutorialViewController.xib */,
				3B43EC8814FA5AD900FA5DB2 /* TutorialData.h */,
				3B43EC8914FA5AD900FA5DB2 /* TutorialData.m */,
				3B43EC8B14FA6EDA00FA5DB2 /* GameTutorialDetailViewController.h */,
				3B43EC8C14FA6EDA00FA5DB2 /* GameTutorialDetailViewController.m */,
				3B43EC8D14FA6EDA00FA5DB2 /* GameTutorialDetailViewController.xib */,
				3B0B9E9014FD2C1E00B467E6 /* FAQTableViewCell.h */,
				3B0B9E9114FD2C1E00B467E6 /* FAQTableViewCell.m */,
				3B0B9E9514FD561900B467E6 /* EquipItemTableViewCell.h */,
				3B0B9E9614FD561900B467E6 /* EquipItemTableViewCell.m */,
			);
			path = ShenxiandaoHelper;
			sourceTree = "<group>";
		};
		3B3AAA3C14F69D15003BA5B8 /* Supporting Files */ = {
			isa = PBXGroup;
			children = (
				3B43EC8514FA55A800FA5DB2 /* data */,
				3B3AAA3D14F69D15003BA5B8 /* ShenxiandaoHelper-Info.plist */,
				3B3AAA3E14F69D15003BA5B8 /* InfoPlist.strings */,
				3B3AAA4114F69D15003BA5B8 /* main.m */,
				3B3AAA4314F69D15003BA5B8 /* ShenxiandaoHelper-Prefix.pch */,
			);
			name = "Supporting Files";
			sourceTree = "<group>";
		};
		3B43EC8514FA55A800FA5DB2 /* data */ = {
			isa = PBXGroup;
			children = (
				3B14660014FF2F840020E365 /* return1.png */,
				3B14660114FF2F840020E365 /* return2.png */,
				3B28D22214FE875300D6D7E8 /* xiaoyaogong.png */,
				3B0B9E9C14FD5D7B00B467E6 /* item.json */,
				3B0B9E9314FD4B0500B467E6 /* bg2.png */,
				3B0B9E8D14FD1F4800B467E6 /* xianlvqiyuan.json */,
				3B43ECD314FA7A0C00FA5DB2 /* giraffe.png */,
				3B43ECD414FA7A0C00FA5DB2 /* text.txt */,
				3B43EC8614FA55A800FA5DB2 /* tutorial.json */,
			);
			path = data;
			sourceTree = "<group>";
		};
		3B43ECBD14FA782200FA5DB2 /* categories */ = {
			isa = PBXGroup;
			children = (
				3B43ECBE14FA782200FA5DB2 /* UIColor+Tools.h */,
				3B43ECBF14FA782200FA5DB2 /* UIColor+Tools.m */,
				3B43ECC014FA782200FA5DB2 /* UIView+Layout.h */,
				3B43ECC114FA782200FA5DB2 /* UIView+Layout.m */,
			);
			path = categories;
			sourceTree = "<group>";
		};
/* End PBXGroup section */

/* Begin PBXNativeTarget section */
		3B3AAA3014F69D14003BA5B8 /* ShenxiandaoHelper */ = {
			isa = PBXNativeTarget;
			buildConfigurationList = 3B3AAA4F14F69D15003BA5B8 /* Build configuration list for PBXNativeTarget "ShenxiandaoHelper" */;
			buildPhases = (
				3B3AAA2D14F69D14003BA5B8 /* Sources */,
				3B3AAA2E14F69D14003BA5B8 /* Frameworks */,
				3B3AAA2F14F69D14003BA5B8 /* Resources */,
			);
			buildRules = (
			);
			dependencies = (
			);
			name = ShenxiandaoHelper;
			productName = ShenxiandaoHelper;
			productReference = 3B3AAA3114F69D15003BA5B8 /* ShenxiandaoHelper.app */;
			productType = "com.apple.product-type.application";
		};
/* End PBXNativeTarget section */

/* Begin PBXProject section */
		3B3AAA2814F69D14003BA5B8 /* Project object */ = {
			isa = PBXProject;
			attributes = {
				LastUpgradeCheck = 0420;
			};
			buildConfigurationList = 3B3AAA2B14F69D14003BA5B8 /* Build configuration list for PBXProject "ShenxiandaoHelper" */;
			compatibilityVersion = "Xcode 3.2";
			developmentRegion = English;
			hasScannedForEncodings = 0;
			knownRegions = (
				en,
			);
			mainGroup = 3B3AAA2614F69D14003BA5B8;
			productRefGroup = 3B3AAA3214F69D15003BA5B8 /* Products */;
			projectDirPath = "";
			projectRoot = "";
			targets = (
				3B3AAA3014F69D14003BA5B8 /* ShenxiandaoHelper */,
			);
		};
/* End PBXProject section */

/* Begin PBXResourcesBuildPhase section */
		3B3AAA2F14F69D14003BA5B8 /* Resources */ = {
			isa = PBXResourcesBuildPhase;
			buildActionMask = 2147483647;
			files = (
				3B3AAA4014F69D15003BA5B8 /* InfoPlist.strings in Resources */,
				3B3AAA4C14F69D15003BA5B8 /* ViewController.xib in Resources */,
				3B73DF6F14F739BA009E34CE /* FindAnswerViewController.xib in Resources */,
				3B73DF7414F739D0009E34CE /* FriendsViewController.xib in Resources */,
				3B73DF7914F73A39009E34CE /* FateViewController.xib in Resources */,
				3B13D08F14F8A4EC0066F001 /* EquipmentViewController.xib in Resources */,
				3B13D09514F8A5230066F001 /* ToolsViewController.xib in Resources */,
				3B43EC7A14FA0FC100FA5DB2 /* GameTutorialViewController.xib in Resources */,
				3B43EC8714FA55A800FA5DB2 /* tutorial.json in Resources */,
				3B43EC8F14FA6EDB00FA5DB2 /* GameTutorialDetailViewController.xib in Resources */,
				3B43ECD514FA7A0C00FA5DB2 /* giraffe.png in Resources */,
				3B43ECD614FA7A0C00FA5DB2 /* text.txt in Resources */,
				3B0B9E8E14FD1F4900B467E6 /* xianlvqiyuan.json in Resources */,
				3B0B9E9414FD4B0500B467E6 /* bg2.png in Resources */,
				3B0B9E9D14FD5D7B00B467E6 /* item.json in Resources */,
				3B28D22314FE875300D6D7E8 /* xiaoyaogong.png in Resources */,
				3B14660214FF2F840020E365 /* return1.png in Resources */,
				3B14660314FF2F840020E365 /* return2.png in Resources */,
			);
			runOnlyForDeploymentPostprocessing = 0;
		};
/* End PBXResourcesBuildPhase section */

/* Begin PBXSourcesBuildPhase section */
		3B3AAA2D14F69D14003BA5B8 /* Sources */ = {
			isa = PBXSourcesBuildPhase;
			buildActionMask = 2147483647;
			files = (
				3B3AAA4214F69D15003BA5B8 /* main.m in Sources */,
				3B3AAA4614F69D15003BA5B8 /* AppDelegate.m in Sources */,
				3B3AAA4914F69D15003BA5B8 /* ViewController.m in Sources */,
				3B73DF6E14F739BA009E34CE /* FindAnswerViewController.m in Sources */,
				3B73DF7314F739D0009E34CE /* FriendsViewController.m in Sources */,
				3B73DF7814F73A39009E34CE /* FateViewController.m in Sources */,
				3B13D08E14F8A4EC0066F001 /* EquipmentViewController.m in Sources */,
				3B13D09414F8A5230066F001 /* ToolsViewController.m in Sources */,
				3B43EC7914FA0FC100FA5DB2 /* GameTutorialViewController.m in Sources */,
				3B43EC8414FA4B6F00FA5DB2 /* JSONKit.m in Sources */,
				3B43EC8A14FA5AD900FA5DB2 /* TutorialData.m in Sources */,
				3B43EC8E14FA6EDB00FA5DB2 /* GameTutorialDetailViewController.m in Sources */,
				3B43ECC614FA782200FA5DB2 /* UIColor+Tools.m in Sources */,
				3B43ECC714FA782200FA5DB2 /* UIView+Layout.m in Sources */,
				3B43ECC814FA782200FA5DB2 /* FTCoreTextStyle.m in Sources */,
				3B43ECC914FA782200FA5DB2 /* FTCoreTextView.m in Sources */,
				3B0B9E9214FD2C1E00B467E6 /* FAQTableViewCell.m in Sources */,
				3B0B9E9714FD561A00B467E6 /* EquipItemTableViewCell.m in Sources */,
			);
			runOnlyForDeploymentPostprocessing = 0;
		};
/* End PBXSourcesBuildPhase section */

/* Begin PBXVariantGroup section */
		3B3AAA3E14F69D15003BA5B8 /* InfoPlist.strings */ = {
			isa = PBXVariantGroup;
			children = (
				3B3AAA3F14F69D15003BA5B8 /* en */,
			);
			name = InfoPlist.strings;
			sourceTree = "<group>";
		};
		3B3AAA4A14F69D15003BA5B8 /* ViewController.xib */ = {
			isa = PBXVariantGroup;
			children = (
				3B3AAA4B14F69D15003BA5B8 /* en */,
			);
			name = ViewController.xib;
			sourceTree = "<group>";
		};
/* End PBXVariantGroup section */

/* Begin XCBuildConfiguration section */
		3B3AAA4D14F69D15003BA5B8 /* Debug */ = {
			isa = XCBuildConfiguration;
			buildSettings = {
				ALWAYS_SEARCH_USER_PATHS = NO;
				ARCHS = "$(ARCHS_STANDARD_32_BIT)";
				CLANG_ENABLE_OBJC_ARC = YES;
				"CODE_SIGN_IDENTITY[sdk=iphoneos*]" = "iPhone Developer";
				COPY_PHASE_STRIP = NO;
				GCC_C_LANGUAGE_STANDARD = gnu99;
				GCC_DYNAMIC_NO_PIC = NO;
				GCC_OPTIMIZATION_LEVEL = 0;
				GCC_PREPROCESSOR_DEFINITIONS = (
					"DEBUG=1",
					"$(inherited)",
				);
				GCC_SYMBOLS_PRIVATE_EXTERN = NO;
				GCC_VERSION = com.apple.compilers.llvm.clang.1_0;
				GCC_WARN_ABOUT_MISSING_PROTOTYPES = YES;
				GCC_WARN_ABOUT_RETURN_TYPE = YES;
				GCC_WARN_UNUSED_VARIABLE = YES;
				IPHONEOS_DEPLOYMENT_TARGET = 5.0;
				SDKROOT = iphoneos;
			};
			name = Debug;
		};
		3B3AAA4E14F69D15003BA5B8 /* Release */ = {
			isa = XCBuildConfiguration;
			buildSettings = {
				ALWAYS_SEARCH_USER_PATHS = NO;
				ARCHS = "$(ARCHS_STANDARD_32_BIT)";
				CLANG_ENABLE_OBJC_ARC = YES;
				"CODE_SIGN_IDENTITY[sdk=iphoneos*]" = "iPhone Developer";
				COPY_PHASE_STRIP = YES;
				GCC_C_LANGUAGE_STANDARD = gnu99;
				GCC_VERSION = com.apple.compilers.llvm.clang.1_0;
				GCC_WARN_ABOUT_MISSING_PROTOTYPES = YES;
				GCC_WARN_ABOUT_RETURN_TYPE = YES;
				GCC_WARN_UNUSED_VARIABLE = YES;
				IPHONEOS_DEPLOYMENT_TARGET = 5.0;
				OTHER_CFLAGS = "-DNS_BLOCK_ASSERTIONS=1";
				SDKROOT = iphoneos;
				VALIDATE_PRODUCT = YES;
			};
			name = Release;
		};
		3B3AAA5014F69D15003BA5B8 /* Debug */ = {
			isa = XCBuildConfiguration;
			buildSettings = {
				GCC_PRECOMPILE_PREFIX_HEADER = YES;
				GCC_PREFIX_HEADER = "ShenxiandaoHelper/ShenxiandaoHelper-Prefix.pch";
				INFOPLIST_FILE = "ShenxiandaoHelper/ShenxiandaoHelper-Info.plist";
				PRODUCT_NAME = "$(TARGET_NAME)";
				WRAPPER_EXTENSION = app;
			};
			name = Debug;
		};
		3B3AAA5114F69D15003BA5B8 /* Release */ = {
			isa = XCBuildConfiguration;
			buildSettings = {
				GCC_PRECOMPILE_PREFIX_HEADER = YES;
				GCC_PREFIX_HEADER = "ShenxiandaoHelper/ShenxiandaoHelper-Prefix.pch";
				INFOPLIST_FILE = "ShenxiandaoHelper/ShenxiandaoHelper-Info.plist";
				PRODUCT_NAME = "$(TARGET_NAME)";
				WRAPPER_EXTENSION = app;
			};
			name = Release;
		};
/* End XCBuildConfiguration section */

/* Begin XCConfigurationList section */
		3B3AAA2B14F69D14003BA5B8 /* Build configuration list for PBXProject "ShenxiandaoHelper" */ = {
			isa = XCConfigurationList;
			buildConfigurations = (
				3B3AAA4D14F69D15003BA5B8 /* Debug */,
				3B3AAA4E14F69D15003BA5B8 /* Release */,
			);
			defaultConfigurationIsVisible = 0;
			defaultConfigurationName = Release;
		};
		3B3AAA4F14F69D15003BA5B8 /* Build configuration list for PBXNativeTarget "ShenxiandaoHelper" */ = {
			isa = XCConfigurationList;
			buildConfigurations = (
				3B3AAA5014F69D15003BA5B8 /* Debug */,
				3B3AAA5114F69D15003BA5B8 /* Release */,
			);
			defaultConfigurationIsVisible = 0;
			defaultConfigurationName = Release;
		};
/* End XCConfigurationList section */
	};
	rootObject = 3B3AAA2814F69D14003BA5B8 /* Project object */;
}
